
Microsoft Visual Studio Solution File, Format Version 12.00
# Visual Studio Version 17
VisualStudioVersion = 17.10.35004.147
MinimumVisualStudioVersion = 10.0.40219.1
Project("{9A19103F-16F7-4668-BE54-9A1E7A4F7556}") = "LightDataClient", "LightDataClient\LightDataClient.csproj", "{DD6DC36B-EAB5-4B1D-9108-B49BFE5F6D45}"
EndProject
Project("{FAE04EC0-301F-11D3-BF4B-00C04F79EFBC}") = "LightDataClientTest", "LightDataClientTest\LightDataClientTest.csproj", "{D5B912AA-88D9-400F-9616-53C140775E3F}"
EndProject
Global
	GlobalSection(SolutionConfigurationPlatforms) = preSolution
		Debug|Any CPU = Debug|Any CPU
		Release|Any CPU = Release|Any CPU
	EndGlobalSection
	GlobalSection(ProjectConfigurationPlatforms) = postSolution
		{DD6DC36B-EAB5-4B1D-9108-B49BFE5F6D45}.Debug|Any CPU.ActiveCfg = Debug|Any CPU
		{DD6DC36B-EAB5-4B1D-9108-B49BFE5F6D45}.Debug|Any CPU.Build.0 = Debug|Any CPU
		{DD6DC36B-EAB5-4B1D-9108-B49BFE5F6D45}.Release|Any CPU.ActiveCfg = Release|Any CPU
		{DD6DC36B-EAB5-4B1D-9108-B49BFE5F6D45}.Release|Any CPU.Build.0 = Release|Any CPU
		{D5B912AA-88D9-400F-9616-53C140775E3F}.Debug|Any CPU.ActiveCfg = Debug|Any CPU
		{D5B912AA-88D9-400F-9616-53C140775E3F}.Debug|Any CPU.Build.0 = Debug|Any CPU
		{D5B912AA-88D9-400F-9616-53C140775E3F}.Release|Any CPU.ActiveCfg = Release|Any CPU
		{D5B912AA-88D9-400F-9616-53C140775E3F}.Release|Any CPU.Build.0 = Release|Any CPU
	EndGlobalSection
	GlobalSection(SolutionProperties) = preSolution
		HideSolutionNode = FALSE
	EndGlobalSection
	GlobalSection(ExtensibilityGlobals) = postSolution
		SolutionGuid = {2A71EDCE-3B46-4478-B0EB-00CA537A3110}
	EndGlobalSection
EndGlobal
